
Microsoft Visual Studio Solution File, Format Version 12.00
# Visual Studio Version 17
VisualStudioVersion = 17.3.32922.545
MinimumVisualStudioVersion = 10.0.40219.1
Project("{FAE04EC0-301F-11D3-BF4B-00C04F79EFBC}") = "QuickShort", "QuickShort\QuickShort.csproj", "{752354FD-AE36-4EF9-9563-33898A5DE404}"
EndProject
Global
	GlobalSection(SolutionConfigurationPlatforms) = preSolution
		Debug|Any CPU = Debug|Any CPU
		Release|Any CPU = Release|Any CPU
	EndGlobalSection
	GlobalSection(ProjectConfigurationPlatforms) = postSolution
		{752354FD-AE36-4EF9-9563-33898A5DE404}.Debug|Any CPU.ActiveCfg = Debug|Any CPU
		{752354FD-AE36-4EF9-9563-33898A5DE404}.Debug|Any CPU.Build.0 = Debug|Any CPU
		{752354FD-AE36-4EF9-9563-33898A5DE404}.Release|Any CPU.ActiveCfg = Release|Any CPU
		{752354FD-AE36-4EF9-9563-33898A5DE404}.Release|Any CPU.Build.0 = Release|Any CPU
	EndGlobalSection
	GlobalSection(SolutionProperties) = preSolution
		HideSolutionNode = FALSE
	EndGlobalSection
	GlobalSection(ExtensibilityGlobals) = postSolution
		SolutionGuid = {3E35C53A-3206-4604-BD37-967EF5E3B456}
	EndGlobalSection
EndGlobal
